
Microsoft Visual Studio Solution File, Format Version 12.00
# Visual Studio 15
VisualStudioVersion = 15.0.26430.14
MinimumVisualStudioVersion = 10.0.40219.1
Project("{FAE04EC0-301F-11D3-BF4B-00C04F79EFBC}") = "RestauranteXYZ", "RestauranteXYZ\RestauranteXYZ.csproj", "{4AC93B59-179E-4E62-A101-863C518998F4}"
EndProject
Global
	GlobalSection(SolutionConfigurationPlatforms) = preSolution
		Debug|Any CPU = Debug|Any CPU
		Release|Any CPU = Release|Any CPU
	EndGlobalSection
	GlobalSection(ProjectConfigurationPlatforms) = postSolution
		{4AC93B59-179E-4E62-A101-863C518998F4}.Debug|Any CPU.ActiveCfg = Debug|Any CPU
		{4AC93B59-179E-4E62-A101-863C518998F4}.Debug|Any CPU.Build.0 = Debug|Any CPU
		{4AC93B59-179E-4E62-A101-863C518998F4}.Release|Any CPU.ActiveCfg = Release|Any CPU
		{4AC93B59-179E-4E62-A101-863C518998F4}.Release|Any CPU.Build.0 = Release|Any CPU
	EndGlobalSection
	GlobalSection(SolutionProperties) = preSolution
		HideSolutionNode = FALSE
	EndGlobalSection
EndGlobal
